Microsoft Visual Studio Solution File, Format Version 12.00
# Visual Studio Version 17
VisualStudioVersion = 17.5.2.0
MinimumVisualStudioVersion = 10.0.40219.1
Project("{FAE04EC0-301F-11D3-BF4B-00C04F79EFBC}") = "HistoireHeros", "HistoireHeros.csproj", "{5573AA9E-FD5E-F5B1-AF3A-637EC729A8F6}"
EndProject
Global
	GlobalSection(SolutionConfigurationPlatforms) = preSolution
		Debug|Any CPU = Debug|Any CPU
		Release|Any CPU = Release|Any CPU
	EndGlobalSection
	GlobalSection(ProjectConfigurationPlatforms) = postSolution
		{5573AA9E-FD5E-F5B1-AF3A-637EC729A8F6}.Debug|Any CPU.ActiveCfg = Debug|Any CPU
		{5573AA9E-FD5E-F5B1-AF3A-637EC729A8F6}.Debug|Any CPU.Build.0 = Debug|Any CPU
		{5573AA9E-FD5E-F5B1-AF3A-637EC729A8F6}.Release|Any CPU.ActiveCfg = Release|Any CPU
		{5573AA9E-FD5E-F5B1-AF3A-637EC729A8F6}.Release|Any CPU.Build.0 = Release|Any CPU
	EndGlobalSection
	GlobalSection(SolutionProperties) = preSolution
		HideSolutionNode = FALSE
	EndGlobalSection
	GlobalSection(ExtensibilityGlobals) = postSolution
		SolutionGuid = {9CAD18F8-6BFC-4480-A0F7-73ED3F5EC615}
	EndGlobalSection
EndGlobal
